
Microsoft Visual Studio Solution File, Format Version 12.00
# Visual Studio Version 16
VisualStudioVersion = 16.0.30503.244
MinimumVisualStudioVersion = 10.0.40219.1
Project("{FAE04EC0-301F-11D3-BF4B-00C04F79EFBC}") = "Set1", "Set1\Set1.csproj", "{8507F29A-3EFE-4787-88A7-56573E53120B}"
EndProject
Global
	GlobalSection(SolutionConfigurationPlatforms) = preSolution
		Debug|Any CPU = Debug|Any CPU
		Release|Any CPU = Release|Any CPU
	EndGlobalSection
	GlobalSection(ProjectConfigurationPlatforms) = postSolution
		{8507F29A-3EFE-4787-88A7-56573E53120B}.Debug|Any CPU.ActiveCfg = Debug|Any CPU
		{8507F29A-3EFE-4787-88A7-56573E53120B}.Debug|Any CPU.Build.0 = Debug|Any CPU
		{8507F29A-3EFE-4787-88A7-56573E53120B}.Release|Any CPU.ActiveCfg = Release|Any CPU
		{8507F29A-3EFE-4787-88A7-56573E53120B}.Release|Any CPU.Build.0 = Release|Any CPU
	EndGlobalSection
	GlobalSection(SolutionProperties) = preSolution
		HideSolutionNode = FALSE
	EndGlobalSection
	GlobalSection(ExtensibilityGlobals) = postSolution
		SolutionGuid = {4E51DD44-C650-476A-9A26-9B0305729501}
	EndGlobalSection
EndGlobal
